
Microsoft Visual Studio Solution File, Format Version 12.00
# Visual Studio Version 17
VisualStudioVersion = 17.3.32901.215
MinimumVisualStudioVersion = 10.0.40219.1
Project("{9A19103F-16F7-4668-BE54-9A1E7A4F7556}") = "HelloWorld", "HelloWorld\HelloWorld.csproj", "{F821062C-03F1-4F22-9918-D9C8FAAB7BC5}"
EndProject
Project("{9A19103F-16F7-4668-BE54-9A1E7A4F7556}") = "TypeLimits", "TypeLimits\TypeLimits.csproj", "{67723BF4-BB50-42D0-9334-D961986C30C3}"
EndProject
Project("{9A19103F-16F7-4668-BE54-9A1E7A4F7556}") = "ConsoleOutputDemo", "ConsoleOutputDemo\ConsoleOutputDemo.csproj", "{2EF6811A-B320-4A4D-BACC-1E435C572B66}"
EndProject
Project("{9A19103F-16F7-4668-BE54-9A1E7A4F7556}") = "NumberFormatApp", "NumberFormatApp\NumberFormatApp.csproj", "{15040420-957A-4F0C-97B1-751B183A1559}"
EndProject
Project("{9A19103F-16F7-4668-BE54-9A1E7A4F7556}") = "ExpressionApp", "ExpressionApp\ExpressionApp.csproj", "{E2D6C131-3B3E-4CAB-9BA2-D682AE283DE2}"
EndProject
Project("{9A19103F-16F7-4668-BE54-9A1E7A4F7556}") = "ReadingNumbersApp", "ReadingNumbersApp\ReadingNumbersApp.csproj", "{B22598FC-FB73-4651-8D56-1A9A973425DF}"
EndProject
Project("{9A19103F-16F7-4668-BE54-9A1E7A4F7556}") = "TypecastDemo", "TypecastDemo\TypecastDemo.csproj", "{7969D95E-5EB9-41FD-8C62-E3EF15B4FFF5}"
EndProject
Project("{9A19103F-16F7-4668-BE54-9A1E7A4F7556}") = "TernaryApp", "TernaryApp\TernaryApp.csproj", "{B1518080-171A-4D10-91F9-5D1E1512A34A}"
EndProject
Project("{9A19103F-16F7-4668-BE54-9A1E7A4F7556}") = "TryParseDemo", "TryParseDemo\TryParseDemo.csproj", "{CA31B42B-F86C-4E26-A61D-F66C44CA04FD}"
EndProject
Project("{9A19103F-16F7-4668-BE54-9A1E7A4F7556}") = "RightTriangleDemo", "RightTriangleDemo\RightTriangleDemo.csproj", "{42729110-8978-49AD-90DE-6FFC473B6BCA}"
EndProject
Project("{9A19103F-16F7-4668-BE54-9A1E7A4F7556}") = "CharReadApp", "CharReadApp\CharReadApp.csproj", "{42E6F33E-7979-41D2-A7A8-6B8897D82E22}"
EndProject
Project("{9A19103F-16F7-4668-BE54-9A1E7A4F7556}") = "SpacesConsumeApp", "SpacesConsumeApp\SpacesConsumeApp.csproj", "{1B885F43-D17A-4B07-A458-4E875E24F7F5}"
EndProject
Project("{9A19103F-16F7-4668-BE54-9A1E7A4F7556}") = "IfGradesApp", "IfGradesApp\IfGradesApp.csproj", "{B4624234-1685-430B-AADF-2B686E0A56C1}"
EndProject
Project("{9A19103F-16F7-4668-BE54-9A1E7A4F7556}") = "WhileDemo", "WhileDemo\WhileDemo.csproj", "{F1162B2D-52A2-4251-AD41-D8832D82EC22}"
EndProject
Project("{9A19103F-16F7-4668-BE54-9A1E7A4F7556}") = "PowerDemo", "PowerDemo\PowerDemo.csproj", "{4F8A2DF7-8E71-45E2-8665-4B81C0F133A4}"
EndProject
Project("{9A19103F-16F7-4668-BE54-9A1E7A4F7556}") = "ForSumMulDemo", "ForSumMulDemo\ForSumMulDemo.csproj", "{679600ED-6C19-4A6B-8A3C-B0ED2D2AAB0A}"
EndProject
Project("{9A19103F-16F7-4668-BE54-9A1E7A4F7556}") = "FactoApp", "FactoApp\FactoApp.csproj", "{82E8C1AD-9C28-46E0-BCC6-AAAB9C9EAD6C}"
EndProject
Project("{9A19103F-16F7-4668-BE54-9A1E7A4F7556}") = "SwitchDemo", "SwitchDemo\SwitchDemo.csproj", "{C9A591C7-B417-493A-945B-CD7607E1D7A3}"
EndProject
Project("{9A19103F-16F7-4668-BE54-9A1E7A4F7556}") = "ArrayDemo", "ArrayDemo\ArrayDemo.csproj", "{EE3E8ED8-4764-4617-95BC-717631D1D20A}"
EndProject
Project("{9A19103F-16F7-4668-BE54-9A1E7A4F7556}") = "MinMaxArrayDemo", "MinMaxArrayDemo\MinMaxArrayDemo.csproj", "{4775BFE6-B22C-4DB4-850B-397149B518AF}"
EndProject
Project("{9A19103F-16F7-4668-BE54-9A1E7A4F7556}") = "SymmetricArrayApp", "SymmetricArrayApp\SymmetricArrayApp.csproj", "{E32E8375-0215-4E53-9ED2-FB19C62464A9}"
EndProject
Project("{9A19103F-16F7-4668-BE54-9A1E7A4F7556}") = "Array2DApp", "Array2DApp\Array2DApp.csproj", "{48397239-7E24-4060-BC3D-C48EDB6DF037}"
EndProject
Project("{9A19103F-16F7-4668-BE54-9A1E7A4F7556}") = "StringsDemo", "StringsDemo\StringsDemo.csproj", "{D3DE5350-6EE4-4B6D-993C-74CAED89990C}"
EndProject
Project("{9A19103F-16F7-4668-BE54-9A1E7A4F7556}") = "PalindromeApp", "PalindromeApp\PalindromeApp.csproj", "{C5E97B65-9DAC-4E63-94EE-FEA5358F3B7A}"
EndProject
Project("{9A19103F-16F7-4668-BE54-9A1E7A4F7556}") = "MethodsApp", "MethodsApp\MethodsApp.csproj", "{2ACACD0B-7D18-4B41-893A-DB1FCA1D9BAF}"
EndProject
Project("{9A19103F-16F7-4668-BE54-9A1E7A4F7556}") = "StudentLikeJavaApp", "StudentLikeJavaApp\StudentLikeJavaApp.csproj", "{4E40CAAC-0847-430F-A89F-18CE55CD2B75}"
EndProject
Project("{9A19103F-16F7-4668-BE54-9A1E7A4F7556}") = "StudentApp", "StudentApp\StudentApp.csproj", "{30BC5855-7C16-4D6D-B3CF-EA32D0EE77DB}"
EndProject
Project("{9A19103F-16F7-4668-BE54-9A1E7A4F7556}") = "StudentAutoImplApp", "StudentAutoImplApp\StudentAutoImplApp.csproj", "{CEE84F0C-D3A7-43D9-A234-2D41EFA75028}"
EndProject
Project("{9A19103F-16F7-4668-BE54-9A1E7A4F7556}") = "BankApp", "BankApp\BankApp.csproj", "{D013B4AD-20A5-428E-924A-C9C7376B9B99}"
EndProject
Project("{9A19103F-16F7-4668-BE54-9A1E7A4F7556}") = "PointInherit", "PointInherit\PointInherit.csproj", "{95DBF6EA-E345-4C45-ABC4-AA4F1580AA1E}"
EndProject
Project("{9A19103F-16F7-4668-BE54-9A1E7A4F7556}") = "PointDAOServiceApp", "PointDAOServiceApp\PointDAOServiceApp.csproj", "{1E61CEC6-52DD-4B4A-A786-C11DDC1C95DA}"
EndProject
Project("{9A19103F-16F7-4668-BE54-9A1E7A4F7556}") = "ComparerApp", "ComparerApp\ComparerApp.csproj", "{78EFB131-18C3-4E3B-832A-A4D25185B7D3}"
EndProject
Project("{9A19103F-16F7-4668-BE54-9A1E7A4F7556}") = "DictionaryStudentApp", "DictionaryStudentApp\DictionaryStudentApp.csproj", "{4B8C7BFC-C5A1-4DE0-8BB1-FF5F97B6A60A}"
EndProject
Project("{9A19103F-16F7-4668-BE54-9A1E7A4F7556}") = "AbstractClassesApp", "AbstractClassesApp\AbstractClassesApp.csproj", "{046F0EC3-206B-4C58-AEFC-69F0EE6FBC17}"
EndProject
Project("{9A19103F-16F7-4668-BE54-9A1E7A4F7556}") = "StackApp", "StackApp\StackApp.csproj", "{C1ADFA7C-921D-4B55-9352-F774F3B34670}"
EndProject
Project("{9A19103F-16F7-4668-BE54-9A1E7A4F7556}") = "SinglyLinkedList", "SinglyLinkedList\SinglyLinkedList.csproj", "{967DD4F0-F017-43E7-A82D-C09EDDCEBC9E}"
EndProject
Project("{9A19103F-16F7-4668-BE54-9A1E7A4F7556}") = "StudentsAppEmpty", "StudentsAppEmpty\StudentsAppEmpty.csproj", "{B5D8B346-6541-4DC7-A8A6-9BC4B64138FD}"
EndProject
Project("{9A19103F-16F7-4668-BE54-9A1E7A4F7556}") = "EurosToDollarsDemo", "EurosToDollarsDemo\EurosToDollarsDemo.csproj", "{E11E44CC-EDC7-4097-9407-A12EC898D369}"
EndProject
Project("{9A19103F-16F7-4668-BE54-9A1E7A4F7556}") = "SecondsDemo", "SecondsDemo\SecondsDemo.csproj", "{37C68D8B-6070-4837-95E9-FB90A4BEF21B}"
EndProject
Project("{9A19103F-16F7-4668-BE54-9A1E7A4F7556}") = "DateToSecondsDemo", "DateToSecondsDemo\DateToSecondsDemo.csproj", "{42759964-62FF-4A07-9ADD-692EE3A04D5F}"
EndProject
Project("{9A19103F-16F7-4668-BE54-9A1E7A4F7556}") = "SevStudentsApp", "SevStudentsApp\SevStudentsApp.csproj", "{180FE762-23D2-4129-8627-F44353B35AE5}"
EndProject
Global
	GlobalSection(SolutionConfigurationPlatforms) = preSolution
		Debug|Any CPU = Debug|Any CPU
		Release|Any CPU = Release|Any CPU
	EndGlobalSection
	GlobalSection(ProjectConfigurationPlatforms) = postSolution
		{F821062C-03F1-4F22-9918-D9C8FAAB7BC5}.Debug|Any CPU.ActiveCfg = Debug|Any CPU
		{F821062C-03F1-4F22-9918-D9C8FAAB7BC5}.Debug|Any CPU.Build.0 = Debug|Any CPU
		{F821062C-03F1-4F22-9918-D9C8FAAB7BC5}.Release|Any CPU.ActiveCfg = Release|Any CPU
		{F821062C-03F1-4F22-9918-D9C8FAAB7BC5}.Release|Any CPU.Build.0 = Release|Any CPU
		{67723BF4-BB50-42D0-9334-D961986C30C3}.Debug|Any CPU.ActiveCfg = Debug|Any CPU
		{67723BF4-BB50-42D0-9334-D961986C30C3}.Debug|Any CPU.Build.0 = Debug|Any CPU
		{67723BF4-BB50-42D0-9334-D961986C30C3}.Release|Any CPU.ActiveCfg = Release|Any CPU
		{67723BF4-BB50-42D0-9334-D961986C30C3}.Release|Any CPU.Build.0 = Release|Any CPU
		{2EF6811A-B320-4A4D-BACC-1E435C572B66}.Debug|Any CPU.ActiveCfg = Debug|Any CPU
		{2EF6811A-B320-4A4D-BACC-1E435C572B66}.Debug|Any CPU.Build.0 = Debug|Any CPU
		{2EF6811A-B320-4A4D-BACC-1E435C572B66}.Release|Any CPU.ActiveCfg = Release|Any CPU
		{2EF6811A-B320-4A4D-BACC-1E435C572B66}.Release|Any CPU.Build.0 = Release|Any CPU
		{15040420-957A-4F0C-97B1-751B183A1559}.Debug|Any CPU.ActiveCfg = Debug|Any CPU
		{15040420-957A-4F0C-97B1-751B183A1559}.Debug|Any CPU.Build.0 = Debug|Any CPU
		{15040420-957A-4F0C-97B1-751B183A1559}.Release|Any CPU.ActiveCfg = Release|Any CPU
		{15040420-957A-4F0C-97B1-751B183A1559}.Release|Any CPU.Build.0 = Release|Any CPU
		{E2D6C131-3B3E-4CAB-9BA2-D682AE283DE2}.Debug|Any CPU.ActiveCfg = Debug|Any CPU
		{E2D6C131-3B3E-4CAB-9BA2-D682AE283DE2}.Debug|Any CPU.Build.0 = Debug|Any CPU
		{E2D6C131-3B3E-4CAB-9BA2-D682AE283DE2}.Release|Any CPU.ActiveCfg = Release|Any CPU
		{E2D6C131-3B3E-4CAB-9BA2-D682AE283DE2}.Release|Any CPU.Build.0 = Release|Any CPU
		{B22598FC-FB73-4651-8D56-1A9A973425DF}.Debug|Any CPU.ActiveCfg = Debug|Any CPU
		{B22598FC-FB73-4651-8D56-1A9A973425DF}.Debug|Any CPU.Build.0 = Debug|Any CPU
		{B22598FC-FB73-4651-8D56-1A9A973425DF}.Release|Any CPU.ActiveCfg = Release|Any CPU
		{B22598FC-FB73-4651-8D56-1A9A973425DF}.Release|Any CPU.Build.0 = Release|Any CPU
		{7969D95E-5EB9-41FD-8C62-E3EF15B4FFF5}.Debug|Any CPU.ActiveCfg = Debug|Any CPU
		{7969D95E-5EB9-41FD-8C62-E3EF15B4FFF5}.Debug|Any CPU.Build.0 = Debug|Any CPU
		{7969D95E-5EB9-41FD-8C62-E3EF15B4FFF5}.Release|Any CPU.ActiveCfg = Release|Any CPU
		{7969D95E-5EB9-41FD-8C62-E3EF15B4FFF5}.Release|Any CPU.Build.0 = Release|Any CPU
		{B1518080-171A-4D10-91F9-5D1E1512A34A}.Debug|Any CPU.ActiveCfg = Debug|Any CPU
		{B1518080-171A-4D10-91F9-5D1E1512A34A}.Debug|Any CPU.Build.0 = Debug|Any CPU
		{B1518080-171A-4D10-91F9-5D1E1512A34A}.Release|Any CPU.ActiveCfg = Release|Any CPU
		{B1518080-171A-4D10-91F9-5D1E1512A34A}.Release|Any CPU.Build.0 = Release|Any CPU
		{CA31B42B-F86C-4E26-A61D-F66C44CA04FD}.Debug|Any CPU.ActiveCfg = Debug|Any CPU
		{CA31B42B-F86C-4E26-A61D-F66C44CA04FD}.Debug|Any CPU.Build.0 = Debug|Any CPU
		{CA31B42B-F86C-4E26-A61D-F66C44CA04FD}.Release|Any CPU.ActiveCfg = Release|Any CPU
		{CA31B42B-F86C-4E26-A61D-F66C44CA04FD}.Release|Any CPU.Build.0 = Release|Any CPU
		{42729110-8978-49AD-90DE-6FFC473B6BCA}.Debug|Any CPU.ActiveCfg = Debug|Any CPU
		{42729110-8978-49AD-90DE-6FFC473B6BCA}.Debug|Any CPU.Build.0 = Debug|Any CPU
		{42729110-8978-49AD-90DE-6FFC473B6BCA}.Release|Any CPU.ActiveCfg = Release|Any CPU
		{42729110-8978-49AD-90DE-6FFC473B6BCA}.Release|Any CPU.Build.0 = Release|Any CPU
		{42E6F33E-7979-41D2-A7A8-6B8897D82E22}.Debug|Any CPU.ActiveCfg = Debug|Any CPU
		{42E6F33E-7979-41D2-A7A8-6B8897D82E22}.Debug|Any CPU.Build.0 = Debug|Any CPU
		{42E6F33E-7979-41D2-A7A8-6B8897D82E22}.Release|Any CPU.ActiveCfg = Release|Any CPU
		{42E6F33E-7979-41D2-A7A8-6B8897D82E22}.Release|Any CPU.Build.0 = Release|Any CPU
		{1B885F43-D17A-4B07-A458-4E875E24F7F5}.Debug|Any CPU.ActiveCfg = Debug|Any CPU
		{1B885F43-D17A-4B07-A458-4E875E24F7F5}.Debug|Any CPU.Build.0 = Debug|Any CPU
		{1B885F43-D17A-4B07-A458-4E875E24F7F5}.Release|Any CPU.ActiveCfg = Release|Any CPU
		{1B885F43-D17A-4B07-A458-4E875E24F7F5}.Release|Any CPU.Build.0 = Release|Any CPU
		{B4624234-1685-430B-AADF-2B686E0A56C1}.Debug|Any CPU.ActiveCfg = Debug|Any CPU
		{B4624234-1685-430B-AADF-2B686E0A56C1}.Debug|Any CPU.Build.0 = Debug|Any CPU
		{B4624234-1685-430B-AADF-2B686E0A56C1}.Release|Any CPU.ActiveCfg = Release|Any CPU
		{B4624234-1685-430B-AADF-2B686E0A56C1}.Release|Any CPU.Build.0 = Release|Any CPU
		{F1162B2D-52A2-4251-AD41-D8832D82EC22}.Debug|Any CPU.ActiveCfg = Debug|Any CPU
		{F1162B2D-52A2-4251-AD41-D8832D82EC22}.Debug|Any CPU.Build.0 = Debug|Any CPU
		{F1162B2D-52A2-4251-AD41-D8832D82EC22}.Release|Any CPU.ActiveCfg = Release|Any CPU
		{F1162B2D-52A2-4251-AD41-D8832D82EC22}.Release|Any CPU.Build.0 = Release|Any CPU
		{4F8A2DF7-8E71-45E2-8665-4B81C0F133A4}.Debug|Any CPU.ActiveCfg = Debug|Any CPU
		{4F8A2DF7-8E71-45E2-8665-4B81C0F133A4}.Debug|Any CPU.Build.0 = Debug|Any CPU
		{4F8A2DF7-8E71-45E2-8665-4B81C0F133A4}.Release|Any CPU.ActiveCfg = Release|Any CPU
		{4F8A2DF7-8E71-45E2-8665-4B81C0F133A4}.Release|Any CPU.Build.0 = Release|Any CPU
		{679600ED-6C19-4A6B-8A3C-B0ED2D2AAB0A}.Debug|Any CPU.ActiveCfg = Debug|Any CPU
		{679600ED-6C19-4A6B-8A3C-B0ED2D2AAB0A}.Debug|Any CPU.Build.0 = Debug|Any CPU
		{679600ED-6C19-4A6B-8A3C-B0ED2D2AAB0A}.Release|Any CPU.ActiveCfg = Release|Any CPU
		{679600ED-6C19-4A6B-8A3C-B0ED2D2AAB0A}.Release|Any CPU.Build.0 = Release|Any CPU
		{82E8C1AD-9C28-46E0-BCC6-AAAB9C9EAD6C}.Debug|Any CPU.ActiveCfg = Debug|Any CPU
		{82E8C1AD-9C28-46E0-BCC6-AAAB9C9EAD6C}.Debug|Any CPU.Build.0 = Debug|Any CPU
		{82E8C1AD-9C28-46E0-BCC6-AAAB9C9EAD6C}.Release|Any CPU.ActiveCfg = Release|Any CPU
		{82E8C1AD-9C28-46E0-BCC6-AAAB9C9EAD6C}.Release|Any CPU.Build.0 = Release|Any CPU
		{C9A591C7-B417-493A-945B-CD7607E1D7A3}.Debug|Any CPU.ActiveCfg = Debug|Any CPU
		{C9A591C7-B417-493A-945B-CD7607E1D7A3}.Debug|Any CPU.Build.0 = Debug|Any CPU
		{C9A591C7-B417-493A-945B-CD7607E1D7A3}.Release|Any CPU.ActiveCfg = Release|Any CPU
		{C9A591C7-B417-493A-945B-CD7607E1D7A3}.Release|Any CPU.Build.0 = Release|Any CPU
		{EE3E8ED8-4764-4617-95BC-717631D1D20A}.Debug|Any CPU.ActiveCfg = Debug|Any CPU
		{EE3E8ED8-4764-4617-95BC-717631D1D20A}.Debug|Any CPU.Build.0 = Debug|Any CPU
		{EE3E8ED8-4764-4617-95BC-717631D1D20A}.Release|Any CPU.ActiveCfg = Release|Any CPU
		{EE3E8ED8-4764-4617-95BC-717631D1D20A}.Release|Any CPU.Build.0 = Release|Any CPU
		{4775BFE6-B22C-4DB4-850B-397149B518AF}.Debug|Any CPU.ActiveCfg = Debug|Any CPU
		{4775BFE6-B22C-4DB4-850B-397149B518AF}.Debug|Any CPU.Build.0 = Debug|Any CPU
		{4775BFE6-B22C-4DB4-850B-397149B518AF}.Release|Any CPU.ActiveCfg = Release|Any CPU
		{4775BFE6-B22C-4DB4-850B-397149B518AF}.Release|Any CPU.Build.0 = Release|Any CPU
		{E32E8375-0215-4E53-9ED2-FB19C62464A9}.Debug|Any CPU.ActiveCfg = Debug|Any CPU
		{E32E8375-0215-4E53-9ED2-FB19C62464A9}.Debug|Any CPU.Build.0 = Debug|Any CPU
		{E32E8375-0215-4E53-9ED2-FB19C62464A9}.Release|Any CPU.ActiveCfg = Release|Any CPU
		{E32E8375-0215-4E53-9ED2-FB19C62464A9}.Release|Any CPU.Build.0 = Release|Any CPU
		{48397239-7E24-4060-BC3D-C48EDB6DF037}.Debug|Any CPU.ActiveCfg = Debug|Any CPU
		{48397239-7E24-4060-BC3D-C48EDB6DF037}.Debug|Any CPU.Build.0 = Debug|Any CPU
		{48397239-7E24-4060-BC3D-C48EDB6DF037}.Release|Any CPU.ActiveCfg = Release|Any CPU
		{48397239-7E24-4060-BC3D-C48EDB6DF037}.Release|Any CPU.Build.0 = Release|Any CPU
		{D3DE5350-6EE4-4B6D-993C-74CAED89990C}.Debug|Any CPU.ActiveCfg = Debug|Any CPU
		{D3DE5350-6EE4-4B6D-993C-74CAED89990C}.Debug|Any CPU.Build.0 = Debug|Any CPU
		{D3DE5350-6EE4-4B6D-993C-74CAED89990C}.Release|Any CPU.ActiveCfg = Release|Any CPU
		{D3DE5350-6EE4-4B6D-993C-74CAED89990C}.Release|Any CPU.Build.0 = Release|Any CPU
		{C5E97B65-9DAC-4E63-94EE-FEA5358F3B7A}.Debug|Any CPU.ActiveCfg = Debug|Any CPU
		{C5E97B65-9DAC-4E63-94EE-FEA5358F3B7A}.Debug|Any CPU.Build.0 = Debug|Any CPU
		{C5E97B65-9DAC-4E63-94EE-FEA5358F3B7A}.Release|Any CPU.ActiveCfg = Release|Any CPU
		{C5E97B65-9DAC-4E63-94EE-FEA5358F3B7A}.Release|Any CPU.Build.0 = Release|Any CPU
		{2ACACD0B-7D18-4B41-893A-DB1FCA1D9BAF}.Debug|Any CPU.ActiveCfg = Debug|Any CPU
		{2ACACD0B-7D18-4B41-893A-DB1FCA1D9BAF}.Debug|Any CPU.Build.0 = Debug|Any CPU
		{2ACACD0B-7D18-4B41-893A-DB1FCA1D9BAF}.Release|Any CPU.ActiveCfg = Release|Any CPU
		{2ACACD0B-7D18-4B41-893A-DB1FCA1D9BAF}.Release|Any CPU.Build.0 = Release|Any CPU
		{4E40CAAC-0847-430F-A89F-18CE55CD2B75}.Debug|Any CPU.ActiveCfg = Debug|Any CPU
		{4E40CAAC-0847-430F-A89F-18CE55CD2B75}.Debug|Any CPU.Build.0 = Debug|Any CPU
		{4E40CAAC-0847-430F-A89F-18CE55CD2B75}.Release|Any CPU.ActiveCfg = Release|Any CPU
		{4E40CAAC-0847-430F-A89F-18CE55CD2B75}.Release|Any CPU.Build.0 = Release|Any CPU
		{30BC5855-7C16-4D6D-B3CF-EA32D0EE77DB}.Debug|Any CPU.ActiveCfg = Debug|Any CPU
		{30BC5855-7C16-4D6D-B3CF-EA32D0EE77DB}.Debug|Any CPU.Build.0 = Debug|Any CPU
		{30BC5855-7C16-4D6D-B3CF-EA32D0EE77DB}.Release|Any CPU.ActiveCfg = Release|Any CPU
		{30BC5855-7C16-4D6D-B3CF-EA32D0EE77DB}.Release|Any CPU.Build.0 = Release|Any CPU
		{CEE84F0C-D3A7-43D9-A234-2D41EFA75028}.Debug|Any CPU.ActiveCfg = Debug|Any CPU
		{CEE84F0C-D3A7-43D9-A234-2D41EFA75028}.Debug|Any CPU.Build.0 = Debug|Any CPU
		{CEE84F0C-D3A7-43D9-A234-2D41EFA75028}.Release|Any CPU.ActiveCfg = Release|Any CPU
		{CEE84F0C-D3A7-43D9-A234-2D41EFA75028}.Release|Any CPU.Build.0 = Release|Any CPU
		{D013B4AD-20A5-428E-924A-C9C7376B9B99}.Debug|Any CPU.ActiveCfg = Debug|Any CPU
		{D013B4AD-20A5-428E-924A-C9C7376B9B99}.Debug|Any CPU.Build.0 = Debug|Any CPU
		{D013B4AD-20A5-428E-924A-C9C7376B9B99}.Release|Any CPU.ActiveCfg = Release|Any CPU
		{D013B4AD-20A5-428E-924A-C9C7376B9B99}.Release|Any CPU.Build.0 = Release|Any CPU
		{95DBF6EA-E345-4C45-ABC4-AA4F1580AA1E}.Debug|Any CPU.ActiveCfg = Debug|Any CPU
		{95DBF6EA-E345-4C45-ABC4-AA4F1580AA1E}.Debug|Any CPU.Build.0 = Debug|Any CPU
		{95DBF6EA-E345-4C45-ABC4-AA4F1580AA1E}.Release|Any CPU.ActiveCfg = Release|Any CPU
		{95DBF6EA-E345-4C45-ABC4-AA4F1580AA1E}.Release|Any CPU.Build.0 = Release|Any CPU
		{1E61CEC6-52DD-4B4A-A786-C11DDC1C95DA}.Debug|Any CPU.ActiveCfg = Debug|Any CPU
		{1E61CEC6-52DD-4B4A-A786-C11DDC1C95DA}.Debug|Any CPU.Build.0 = Debug|Any CPU
		{1E61CEC6-52DD-4B4A-A786-C11DDC1C95DA}.Release|Any CPU.ActiveCfg = Release|Any CPU
		{1E61CEC6-52DD-4B4A-A786-C11DDC1C95DA}.Release|Any CPU.Build.0 = Release|Any CPU
		{78EFB131-18C3-4E3B-832A-A4D25185B7D3}.Debug|Any CPU.ActiveCfg = Debug|Any CPU
		{78EFB131-18C3-4E3B-832A-A4D25185B7D3}.Debug|Any CPU.Build.0 = Debug|Any CPU
		{78EFB131-18C3-4E3B-832A-A4D25185B7D3}.Release|Any CPU.ActiveCfg = Release|Any CPU
		{78EFB131-18C3-4E3B-832A-A4D25185B7D3}.Release|Any CPU.Build.0 = Release|Any CPU
		{4B8C7BFC-C5A1-4DE0-8BB1-FF5F97B6A60A}.Debug|Any CPU.ActiveCfg = Debug|Any CPU
		{4B8C7BFC-C5A1-4DE0-8BB1-FF5F97B6A60A}.Debug|Any CPU.Build.0 = Debug|Any CPU
		{4B8C7BFC-C5A1-4DE0-8BB1-FF5F97B6A60A}.Release|Any CPU.ActiveCfg = Release|Any CPU
		{4B8C7BFC-C5A1-4DE0-8BB1-FF5F97B6A60A}.Release|Any CPU.Build.0 = Release|Any CPU
		{046F0EC3-206B-4C58-AEFC-69F0EE6FBC17}.Debug|Any CPU.ActiveCfg = Debug|Any CPU
		{046F0EC3-206B-4C58-AEFC-69F0EE6FBC17}.Debug|Any CPU.Build.0 = Debug|Any CPU
		{046F0EC3-206B-4C58-AEFC-69F0EE6FBC17}.Release|Any CPU.ActiveCfg = Release|Any CPU
		{046F0EC3-206B-4C58-AEFC-69F0EE6FBC17}.Release|Any CPU.Build.0 = Release|Any CPU
		{C1ADFA7C-921D-4B55-9352-F774F3B34670}.Debug|Any CPU.ActiveCfg = Debug|Any CPU
		{C1ADFA7C-921D-4B55-9352-F774F3B34670}.Debug|Any CPU.Build.0 = Debug|Any CPU
		{C1ADFA7C-921D-4B55-9352-F774F3B34670}.Release|Any CPU.ActiveCfg = Release|Any CPU
		{C1ADFA7C-921D-4B55-9352-F774F3B34670}.Release|Any CPU.Build.0 = Release|Any CPU
		{967DD4F0-F017-43E7-A82D-C09EDDCEBC9E}.Debug|Any CPU.ActiveCfg = Debug|Any CPU
		{967DD4F0-F017-43E7-A82D-C09EDDCEBC9E}.Debug|Any CPU.Build.0 = Debug|Any CPU
		{967DD4F0-F017-43E7-A82D-C09EDDCEBC9E}.Release|Any CPU.ActiveCfg = Release|Any CPU
		{967DD4F0-F017-43E7-A82D-C09EDDCEBC9E}.Release|Any CPU.Build.0 = Release|Any CPU
		{B5D8B346-6541-4DC7-A8A6-9BC4B64138FD}.Debug|Any CPU.ActiveCfg = Debug|Any CPU
		{B5D8B346-6541-4DC7-A8A6-9BC4B64138FD}.Debug|Any CPU.Build.0 = Debug|Any CPU
		{B5D8B346-6541-4DC7-A8A6-9BC4B64138FD}.Release|Any CPU.ActiveCfg = Release|Any CPU
		{B5D8B346-6541-4DC7-A8A6-9BC4B64138FD}.Release|Any CPU.Build.0 = Release|Any CPU
		{E11E44CC-EDC7-4097-9407-A12EC898D369}.Debug|Any CPU.ActiveCfg = Debug|Any CPU
		{E11E44CC-EDC7-4097-9407-A12EC898D369}.Debug|Any CPU.Build.0 = Debug|Any CPU
		{E11E44CC-EDC7-4097-9407-A12EC898D369}.Release|Any CPU.ActiveCfg = Release|Any CPU
		{E11E44CC-EDC7-4097-9407-A12EC898D369}.Release|Any CPU.Build.0 = Release|Any CPU
		{37C68D8B-6070-4837-95E9-FB90A4BEF21B}.Debug|Any CPU.ActiveCfg = Debug|Any CPU
		{37C68D8B-6070-4837-95E9-FB90A4BEF21B}.Debug|Any CPU.Build.0 = Debug|Any CPU
		{37C68D8B-6070-4837-95E9-FB90A4BEF21B}.Release|Any CPU.ActiveCfg = Release|Any CPU
		{37C68D8B-6070-4837-95E9-FB90A4BEF21B}.Release|Any CPU.Build.0 = Release|Any CPU
		{42759964-62FF-4A07-9ADD-692EE3A04D5F}.Debug|Any CPU.ActiveCfg = Debug|Any CPU
		{42759964-62FF-4A07-9ADD-692EE3A04D5F}.Debug|Any CPU.Build.0 = Debug|Any CPU
		{42759964-62FF-4A07-9ADD-692EE3A04D5F}.Release|Any CPU.ActiveCfg = Release|Any CPU
		{42759964-62FF-4A07-9ADD-692EE3A04D5F}.Release|Any CPU.Build.0 = Release|Any CPU
		{180FE762-23D2-4129-8627-F44353B35AE5}.Debug|Any CPU.ActiveCfg = Debug|Any CPU
		{180FE762-23D2-4129-8627-F44353B35AE5}.Debug|Any CPU.Build.0 = Debug|Any CPU
		{180FE762-23D2-4129-8627-F44353B35AE5}.Release|Any CPU.ActiveCfg = Release|Any CPU
		{180FE762-23D2-4129-8627-F44353B35AE5}.Release|Any CPU.Build.0 = Release|Any CPU
	EndGlobalSection
	GlobalSection(SolutionProperties) = preSolution
		HideSolutionNode = FALSE
	EndGlobalSection
	GlobalSection(ExtensibilityGlobals) = postSolution
		SolutionGuid = {86BB2F0A-B5AC-4CC7-8C64-ACDA81991388}
	EndGlobalSection
EndGlobal
